
Microsoft Visual Studio Solution File, Format Version 10.00
# Visual Studio 2008
Project("{2857B73E-F847-4B02-9238-064979017E93}") = "stabilizer", "stabilizer.cproj", "{715FF8C8-31DE-4133-B740-6904FCB91E65}"
EndProject
Global
	GlobalSection(SolutionConfigurationPlatforms) = preSolution
		Debug|Any CPU = Debug|Any CPU
		Release|Any CPU = Release|Any CPU
	EndGlobalSection
	GlobalSection(ProjectConfigurationPlatforms) = postSolution
		{715FF8C8-31DE-4133-B740-6904FCB91E65}.Debug|Any CPU.ActiveCfg = Debug|Any CPU
		{715FF8C8-31DE-4133-B740-6904FCB91E65}.Debug|Any CPU.Build.0 = Debug|Any CPU
		{715FF8C8-31DE-4133-B740-6904FCB91E65}.Release|Any CPU.ActiveCfg = Release|Any CPU
		{715FF8C8-31DE-4133-B740-6904FCB91E65}.Release|Any CPU.Build.0 = Release|Any CPU
	EndGlobalSection
	GlobalSection(MonoDevelopProperties) = preSolution
		StartupItem = stabilizer.cproj
	EndGlobalSection
EndGlobal
